# Prebuilt libghostty-vt artifact lock. REGENERATED by make publish-native-vt;
# do not hand-edit. key = sha256(pin commit + carried patch), shared across
# platforms. Consumers download the per-platform asset named
# libghostty-vt-<key>-<goos>_<goarch>.tar.gz from the "native-vt-prebuilts" release
# and verify it against sha256_<goos>_<goarch> before linking. See
# scripts/build-libghostty-vt.sh.
key=effe90ce665ed3dfb0a57ab66cd5c39db613622278b7b1cf63319160a42001c2
sha256_darwin_arm64=363e40c4e7c8fb0fa4dc9a0c8cc3fbbfb3ece58b4bffabfaf874eb28759ae3cf
sha256_linux_amd64=4bbf63f7cc17549f16c730d8f623d8231aeaa0fc1df4407779c7cac2a6c91e48
sha256_linux_arm64=3e1a0442c49fc5b98e383df73c764b3285337d175053df42966fab4ad1d6994c
