# Browser ghostty-vt.wasm provenance. REGENERATED by
# make publish-ghostty-vt-wasm; do not hand-edit. The binary is built and
# published by ghostty-org; we mirror the exact upstream bytes for the
# pinned commit as ghostty-vt-<pin>.wasm on the "native-vt-prebuilts" release,
# because upstream's "tip" is rebuilt on every commit to main and its
# assets cannot be pinned by hash. Consumers download and verify against
# sha256 before the module ever reaches a build.
pin=da5ddcb0857c0e4ddb32f7a089911e9038d040f3
upstream_asset=ghostty-vt.wasm
sha256=2691dc2863b655a0f0c8865c81870f8fa35634f5b04578d597848468918eef93
