# Prebuilt libghostty-vt artifact lock. REGENERATED by make publish-native-vt;
# do not hand-edit. key = sha256(pin commit), shared across
# platforms. Consumers download the per-platform asset named
# libghostty-vt-<key>-<goos>_<goarch>.tar.gz from the "native-vt-prebuilts" release
# and verify it against sha256_<goos>_<goarch> before linking. See
# scripts/build-libghostty-vt.sh.
key=ccb018391e7fdb6b6fd4b8fa5fa1ca14b1a146bcf6bb086e7580de111a519c7b
sha256_darwin_arm64=0bfbeb3ae8df69427a4cbaf3e68b034907c6fb0fcf3f46f91f5ad58b12b442db
sha256_linux_amd64=f769212a8fa4073298387c109ade85ced3dd3d7fa510d1ddf922ab3b9a978c76
sha256_linux_arm64=977af12b846a1b8ecffb674cb48a9c4a51358d03e4c04f59f4a7ffa49a63b827
