# Prebuilt libghostty-vt artifact lock. REGENERATED by make publish-native-vt;
# do not hand-edit. key = sha256(pin commit + carried patch). Consumers download
# the asset named libghostty-vt-<key>.tar.gz from the "native-vt-prebuilts" release
# and verify it against sha256 before linking. See scripts/build-libghostty-vt.sh.
key=effe90ce665ed3dfb0a57ab66cd5c39db613622278b7b1cf63319160a42001c2
sha256=80bed8cec57529a8718a0ccff256c2f4368975d720281f3613253b2d22af60ea
