# Browser ghostty-vt.wasm provenance. REGENERATED by
# make publish-ghostty-vt-wasm; do not hand-edit. The binary is built and
# published by ghostty-org; we mirror the exact upstream bytes for the
# pinned commit as ghostty-vt-<pin>.wasm on the "native-vt-prebuilts" release,
# because upstream's "tip" is rebuilt on every commit to main and its
# assets cannot be pinned by hash. Consumers download and verify against
# sha256 before the module ever reaches a build.
pin=d760ee96e54657416eb427b793c7e839f003df7d
upstream_asset=ghostty-vt.wasm
sha256=429a012aa07105f158a01676c5c02d852cc0b31a4ca6c04d95ab2338df3f837a
